
Microsoft Visual Studio Solution File, Format Version 12.00
# Visual Studio Version 17
VisualStudioVersion = 17.5.002.0
MinimumVisualStudioVersion = 10.0.40219.1
Project("{9A19103F-16F7-4668-BE54-9A1E7A4F7556}") = "Pim2024-FazendaUrbana", "Pim2024-FazendaUrbana.csproj", "{1E37DC27-FDDC-4BC1-8E66-E76D3C47F765}"
EndProject
Global
	GlobalSection(SolutionConfigurationPlatforms) = preSolution
		Debug|Any CPU = Debug|Any CPU
		Release|Any CPU = Release|Any CPU
	EndGlobalSection
	GlobalSection(ProjectConfigurationPlatforms) = postSolution
		{1E37DC27-FDDC-4BC1-8E66-E76D3C47F765}.Debug|Any CPU.ActiveCfg = Debug|Any CPU
		{1E37DC27-FDDC-4BC1-8E66-E76D3C47F765}.Debug|Any CPU.Build.0 = Debug|Any CPU
		{1E37DC27-FDDC-4BC1-8E66-E76D3C47F765}.Release|Any CPU.ActiveCfg = Release|Any CPU
		{1E37DC27-FDDC-4BC1-8E66-E76D3C47F765}.Release|Any CPU.Build.0 = Release|Any CPU
	EndGlobalSection
	GlobalSection(SolutionProperties) = preSolution
		HideSolutionNode = FALSE
	EndGlobalSection
	GlobalSection(ExtensibilityGlobals) = postSolution
		SolutionGuid = {174A4565-3A36-487F-A792-173DB2072EAF}
	EndGlobalSection
EndGlobal
