
Microsoft Visual Studio Solution File, Format Version 12.00
# Visual Studio Version 17
VisualStudioVersion = 17.5.002.0
MinimumVisualStudioVersion = 10.0.40219.1
Project("{9A19103F-16F7-4668-BE54-9A1E7A4F7556}") = "Pim2024-FazendaUrbana", "Pim2024-FazendaUrbana.csproj", "{AD946CE0-E307-4745-B8F8-755462375483}"
EndProject
Global
	GlobalSection(SolutionConfigurationPlatforms) = preSolution
		Debug|Any CPU = Debug|Any CPU
		Release|Any CPU = Release|Any CPU
	EndGlobalSection
	GlobalSection(ProjectConfigurationPlatforms) = postSolution
		{AD946CE0-E307-4745-B8F8-755462375483}.Debug|Any CPU.ActiveCfg = Debug|Any CPU
		{AD946CE0-E307-4745-B8F8-755462375483}.Debug|Any CPU.Build.0 = Debug|Any CPU
		{AD946CE0-E307-4745-B8F8-755462375483}.Release|Any CPU.ActiveCfg = Release|Any CPU
		{AD946CE0-E307-4745-B8F8-755462375483}.Release|Any CPU.Build.0 = Release|Any CPU
	EndGlobalSection
	GlobalSection(SolutionProperties) = preSolution
		HideSolutionNode = FALSE
	EndGlobalSection
	GlobalSection(ExtensibilityGlobals) = postSolution
		SolutionGuid = {174A4565-3A36-487F-A792-173DB2072EAF}
	EndGlobalSection
EndGlobal
